
Microsoft Visual Studio Solution File, Format Version 12.00
# Visual Studio 14
VisualStudioVersion = 14.0.24720.0
MinimumVisualStudioVersion = 10.0.40219.1
Project("{FAE04EC0-301F-11D3-BF4B-00C04F79EFBC}") = "Pruebas.Automaticas", "Pruebas.Automaticas\Pruebas.Automaticas.csproj", "{DB962CBA-A1C6-4251-879C-17A511488498}"
EndProject
Global
	GlobalSection(SolutionConfigurationPlatforms) = preSolution
		Debug|Any CPU = Debug|Any CPU
		Release|Any CPU = Release|Any CPU
	EndGlobalSection
	GlobalSection(ProjectConfigurationPlatforms) = postSolution
		{DB962CBA-A1C6-4251-879C-17A511488498}.Debug|Any CPU.ActiveCfg = Debug|Any CPU
		{DB962CBA-A1C6-4251-879C-17A511488498}.Debug|Any CPU.Build.0 = Debug|Any CPU
		{DB962CBA-A1C6-4251-879C-17A511488498}.Release|Any CPU.ActiveCfg = Release|Any CPU
		{DB962CBA-A1C6-4251-879C-17A511488498}.Release|Any CPU.Build.0 = Release|Any CPU
	EndGlobalSection
	GlobalSection(SolutionProperties) = preSolution
		HideSolutionNode = FALSE
	EndGlobalSection
EndGlobal
